
Microsoft Visual Studio Solution File, Format Version 12.00
# Visual Studio Version 17
VisualStudioVersion = 17.3.32819.101
MinimumVisualStudioVersion = 10.0.40219.1
Project("{FAE04EC0-301F-11D3-BF4B-00C04F79EFBC}") = "FibPrac", "FibPrac\FibPrac.csproj", "{1C7916DA-E2C2-4CEA-A7F5-6CD119A1FE49}"
EndProject
Global
	GlobalSection(SolutionConfigurationPlatforms) = preSolution
		Debug|Any CPU = Debug|Any CPU
		Release|Any CPU = Release|Any CPU
	EndGlobalSection
	GlobalSection(ProjectConfigurationPlatforms) = postSolution
		{1C7916DA-E2C2-4CEA-A7F5-6CD119A1FE49}.Debug|Any CPU.ActiveCfg = Debug|Any CPU
		{1C7916DA-E2C2-4CEA-A7F5-6CD119A1FE49}.Debug|Any CPU.Build.0 = Debug|Any CPU
		{1C7916DA-E2C2-4CEA-A7F5-6CD119A1FE49}.Release|Any CPU.ActiveCfg = Release|Any CPU
		{1C7916DA-E2C2-4CEA-A7F5-6CD119A1FE49}.Release|Any CPU.Build.0 = Release|Any CPU
	EndGlobalSection
	GlobalSection(SolutionProperties) = preSolution
		HideSolutionNode = FALSE
	EndGlobalSection
	GlobalSection(ExtensibilityGlobals) = postSolution
		SolutionGuid = {B4E30490-40AD-4044-A921-2E431736219B}
	EndGlobalSection
EndGlobal
